
Microsoft Visual Studio Solution File, Format Version 11.00
# Visual Studio 2010
Project("{FAE04EC0-301F-11D3-BF4B-00C04F79EFBC}") = "CBMTerm2", "CBMTerm2\CBMTerm2\CBMTerm2.csproj", "{418759E6-4DFF-4FFA-BEBA-2216CF6F53A6}"
EndProject
Project("{FAE04EC0-301F-11D3-BF4B-00C04F79EFBC}") = "CBMTerm2Content", "CBMTerm2\CBMTerm2Content\CBMTerm2Content.contentproj", "{D81F1570-6FAE-480B-A0C5-9F280DD662BF}"
EndProject
Project("{FAE04EC0-301F-11D3-BF4B-00C04F79EFBC}") = "FileTransferProtocols", "FileTransferProtocols\FileTransferProtocols.csproj", "{71E73A7D-A098-4C91-A080-AF85156A7797}"
EndProject
Global
	GlobalSection(SolutionConfigurationPlatforms) = preSolution
		Debug|Any CPU = Debug|Any CPU
		Debug|Mixed Platforms = Debug|Mixed Platforms
		Debug|x86 = Debug|x86
		Release|Any CPU = Release|Any CPU
		Release|Mixed Platforms = Release|Mixed Platforms
		Release|x86 = Release|x86
	EndGlobalSection
	GlobalSection(ProjectConfigurationPlatforms) = postSolution
		{418759E6-4DFF-4FFA-BEBA-2216CF6F53A6}.Debug|Any CPU.ActiveCfg = Debug|x86
		{418759E6-4DFF-4FFA-BEBA-2216CF6F53A6}.Debug|Mixed Platforms.ActiveCfg = Debug|x86
		{418759E6-4DFF-4FFA-BEBA-2216CF6F53A6}.Debug|Mixed Platforms.Build.0 = Debug|x86
		{418759E6-4DFF-4FFA-BEBA-2216CF6F53A6}.Debug|x86.ActiveCfg = Debug|x86
		{418759E6-4DFF-4FFA-BEBA-2216CF6F53A6}.Debug|x86.Build.0 = Debug|x86
		{418759E6-4DFF-4FFA-BEBA-2216CF6F53A6}.Release|Any CPU.ActiveCfg = Release|x86
		{418759E6-4DFF-4FFA-BEBA-2216CF6F53A6}.Release|Mixed Platforms.ActiveCfg = Release|x86
		{418759E6-4DFF-4FFA-BEBA-2216CF6F53A6}.Release|Mixed Platforms.Build.0 = Release|x86
		{418759E6-4DFF-4FFA-BEBA-2216CF6F53A6}.Release|x86.ActiveCfg = Release|x86
		{418759E6-4DFF-4FFA-BEBA-2216CF6F53A6}.Release|x86.Build.0 = Release|x86
		{D81F1570-6FAE-480B-A0C5-9F280DD662BF}.Debug|Any CPU.ActiveCfg = Debug|x86
		{D81F1570-6FAE-480B-A0C5-9F280DD662BF}.Debug|Mixed Platforms.ActiveCfg = Debug|x86
		{D81F1570-6FAE-480B-A0C5-9F280DD662BF}.Debug|x86.ActiveCfg = Debug|x86
		{D81F1570-6FAE-480B-A0C5-9F280DD662BF}.Release|Any CPU.ActiveCfg = Release|x86
		{D81F1570-6FAE-480B-A0C5-9F280DD662BF}.Release|Mixed Platforms.ActiveCfg = Release|x86
		{D81F1570-6FAE-480B-A0C5-9F280DD662BF}.Release|x86.ActiveCfg = Release|x86
		{71E73A7D-A098-4C91-A080-AF85156A7797}.Debug|Any CPU.ActiveCfg = Debug|Any CPU
		{71E73A7D-A098-4C91-A080-AF85156A7797}.Debug|Any CPU.Build.0 = Debug|Any CPU
		{71E73A7D-A098-4C91-A080-AF85156A7797}.Debug|Mixed Platforms.ActiveCfg = Debug|Any CPU
		{71E73A7D-A098-4C91-A080-AF85156A7797}.Debug|Mixed Platforms.Build.0 = Debug|Any CPU
		{71E73A7D-A098-4C91-A080-AF85156A7797}.Debug|x86.ActiveCfg = Debug|Any CPU
		{71E73A7D-A098-4C91-A080-AF85156A7797}.Release|Any CPU.ActiveCfg = Release|Any CPU
		{71E73A7D-A098-4C91-A080-AF85156A7797}.Release|Any CPU.Build.0 = Release|Any CPU
		{71E73A7D-A098-4C91-A080-AF85156A7797}.Release|Mixed Platforms.ActiveCfg = Release|Any CPU
		{71E73A7D-A098-4C91-A080-AF85156A7797}.Release|Mixed Platforms.Build.0 = Release|Any CPU
		{71E73A7D-A098-4C91-A080-AF85156A7797}.Release|x86.ActiveCfg = Release|Any CPU
	EndGlobalSection
	GlobalSection(SolutionProperties) = preSolution
		HideSolutionNode = FALSE
	EndGlobalSection
EndGlobal
